<?xml version="1.0" encoding="utf-8"?>
<Project ToolsVersion="4.0" xmlns="http://schemas.microsoft.com/developer/msbuild/2003">
  <ItemGroup>
    <Filter Include="Source Files">
      <UniqueIdentifier>{4FC737F1-C7A5-4376-A066-2A32D752A2FF}</UniqueIdentifier>
      <Extensions>cpp;c;cc;cxx;def;odl;idl;hpj;bat;asm;asmx</Extensions>
    </Filter>
    <Filter Include="Header Files">
      <UniqueIdentifier>{93995380-89BD-4b04-88EB-625FBE52EBFB}</UniqueIdentifier>
      <Extensions>h;hh;hpp;hxx;hm;inl;inc;xsd</Extensions>
    </Filter>
    <Filter Include="Resource Files">
      <UniqueIdentifier>{67DA6AB6-F800-4c08-8B7A-83BB121AAD01}</UniqueIdentifier>
      <Extensions>rc;ico;cur;bmp;dlg;rc2;rct;bin;rgs;gif;jpg;jpeg;jpe;resx;tiff;tif;png;wav;mfcribbon-ms</Extensions>
    </Filter>
    <Filter Include="Header Files\Core">
      <UniqueIdentifier>{9f070db4-a9fc-44e8-a750-8ebaf285a0ba}</UniqueIdentifier>
    </Filter>
    <Filter Include="Source Files\Core">
      <UniqueIdentifier>{289f9341-c4e6-446f-b648-0bc848e2baa8}</UniqueIdentifier>
    </Filter>
    <Filter Include="Header Files\Maths">
      <UniqueIdentifier>{2a7ed224-1b17-42c4-8b88-ab78ebd5158f}</UniqueIdentifier>
    </Filter>
    <Filter Include="Source Files\Maths">
      <UniqueIdentifier>{fce913d4-caa3-4c57-ad8c-0d4eeca400af}</UniqueIdentifier>
    </Filter>
    <Filter Include="Header Files\PGGAssignment2Code">
      <UniqueIdentifier>{c5dc5c1c-9b86-476d-a151-ea06336c98f7}</UniqueIdentifier>
    </Filter>
    <Filter Include="Source Files\PGGAssignment2Code">
      <UniqueIdentifier>{d74e2e8b-90b5-4734-8719-4e8112652689}</UniqueIdentifier>
    </Filter>
    <Filter Include="Header Files\States">
      <UniqueIdentifier>{762dbd81-7956-4877-8646-bdd4a1526565}</UniqueIdentifier>
    </Filter>
    <Filter Include="Source Files\States">
      <UniqueIdentifier>{f1462c85-621a-4f57-9de8-1ed08fb82512}</UniqueIdentifier>
    </Filter>
  </ItemGroup>
  <ItemGroup>
    <ClCompile Include="main.cpp">
      <Filter>Source Files</Filter>
    </ClCompile>
    <ClCompile Include="Core\PerformanceTest.cpp">
      <Filter>Source Files\Core</Filter>
    </ClCompile>
    <ClCompile Include="Core\Logging.cpp">
      <Filter>Source Files\Core</Filter>
    </ClCompile>
    <ClCompile Include="Maths\Convert.cpp">
      <Filter>Source Files\Maths</Filter>
    </ClCompile>
    <ClCompile Include="PGGAssignment2Code\Camera.cpp">
      <Filter>Source Files\PGGAssignment2Code</Filter>
    </ClCompile>
    <ClCompile Include="PGGAssignment2Code\FileLoader.cpp">
      <Filter>Source Files\PGGAssignment2Code</Filter>
    </ClCompile>
    <ClCompile Include="PGGAssignment2Code\LoadingScreen.cpp">
      <Filter>Source Files\PGGAssignment2Code</Filter>
    </ClCompile>
    <ClCompile Include="PGGAssignment2Code\Object.cpp">
      <Filter>Source Files\PGGAssignment2Code</Filter>
    </ClCompile>
    <ClCompile Include="PGGAssignment2Code\Shader.cpp">
      <Filter>Source Files\PGGAssignment2Code</Filter>
    </ClCompile>
    <ClCompile Include="PGGAssignment2Code\State.cpp">
      <Filter>Source Files\PGGAssignment2Code</Filter>
    </ClCompile>
    <ClCompile Include="PGGAssignment2Code\StateManager.cpp">
      <Filter>Source Files\PGGAssignment2Code</Filter>
    </ClCompile>
    <ClCompile Include="PGGAssignment2Code\UI.cpp">
      <Filter>Source Files\PGGAssignment2Code</Filter>
    </ClCompile>
    <ClCompile Include="PGGAssignment2Code\UIObject.cpp">
      <Filter>Source Files\PGGAssignment2Code</Filter>
    </ClCompile>
    <ClCompile Include="States\MainState.cpp">
      <Filter>Source Files\States</Filter>
    </ClCompile>
    <ClCompile Include="Sam.cpp">
      <Filter>Source Files</Filter>
    </ClCompile>
    <ClCompile Include="Maths\Mat4.cpp">
      <Filter>Source Files\Maths</Filter>
    </ClCompile>
    <ClCompile Include="States\MainStateUI.cpp">
      <Filter>Source Files\States</Filter>
    </ClCompile>
    <ClCompile Include="Maths\Quaternion.cpp">
      <Filter>Source Files\Maths</Filter>
    </ClCompile>
  </ItemGroup>
  <ItemGroup>
    <ClInclude Include="Core\PerformanceTest.h">
      <Filter>Header Files\Core</Filter>
    </ClInclude>
    <ClInclude Include="Core\Logging.h">
      <Filter>Header Files\Core</Filter>
    </ClInclude>
    <ClInclude Include="Maths\Quaternion.h">
      <Filter>Header Files\Maths</Filter>
    </ClInclude>
    <ClInclude Include="Maths\Vec4.h">
      <Filter>Header Files\Maths</Filter>
    </ClInclude>
    <ClInclude Include="Maths\Mat4.h">
      <Filter>Header Files\Maths</Filter>
    </ClInclude>
    <ClInclude Include="Maths\Vec3.h">
      <Filter>Header Files\Maths</Filter>
    </ClInclude>
    <ClInclude Include="Maths\Convert.h">
      <Filter>Header Files\Maths</Filter>
    </ClInclude>
    <ClInclude Include="Maths\MathsDefs.h">
      <Filter>Header Files\Maths</Filter>
    </ClInclude>
    <ClInclude Include="Maths\Vec2.h">
      <Filter>Header Files\Maths</Filter>
    </ClInclude>
    <ClInclude Include="PGGAssignment2Code\Camera.h">
      <Filter>Header Files\PGGAssignment2Code</Filter>
    </ClInclude>
    <ClInclude Include="PGGAssignment2Code\FileLoader.h">
      <Filter>Header Files\PGGAssignment2Code</Filter>
    </ClInclude>
    <ClInclude Include="PGGAssignment2Code\LoadingScreen.h">
      <Filter>Header Files\PGGAssignment2Code</Filter>
    </ClInclude>
    <ClInclude Include="PGGAssignment2Code\Object.h">
      <Filter>Header Files\PGGAssignment2Code</Filter>
    </ClInclude>
    <ClInclude Include="PGGAssignment2Code\Shader.h">
      <Filter>Header Files\PGGAssignment2Code</Filter>
    </ClInclude>
    <ClInclude Include="PGGAssignment2Code\State.h">
      <Filter>Header Files\PGGAssignment2Code</Filter>
    </ClInclude>
    <ClInclude Include="PGGAssignment2Code\StateManager.h">
      <Filter>Header Files\PGGAssignment2Code</Filter>
    </ClInclude>
    <ClInclude Include="PGGAssignment2Code\UI.h">
      <Filter>Header Files\PGGAssignment2Code</Filter>
    </ClInclude>
    <ClInclude Include="PGGAssignment2Code\UIObject.h">
      <Filter>Header Files\PGGAssignment2Code</Filter>
    </ClInclude>
    <ClInclude Include="States\MainState.h">
      <Filter>Header Files\States</Filter>
    </ClInclude>
    <ClInclude Include="Sam.h">
      <Filter>Header Files</Filter>
    </ClInclude>
    <ClInclude Include="States\MainStateUI.h">
      <Filter>Header Files\States</Filter>
    </ClInclude>
  </ItemGroup>
</Project>